
Microsoft Visual Studio Solution File, Format Version 12.00
# Visual Studio Version 17
VisualStudioVersion = 17.3.32811.315
MinimumVisualStudioVersion = 10.0.40219.1
Project("{FAE04EC0-301F-11D3-BF4B-00C04F79EFBC}") = "CastleWindsor", "CastleWindsor\CastleWindsor.csproj", "{DF79B1EB-3A60-4065-8118-4AC67219F991}"
EndProject
Global
	GlobalSection(SolutionConfigurationPlatforms) = preSolution
		Debug|Any CPU = Debug|Any CPU
		Release|Any CPU = Release|Any CPU
	EndGlobalSection
	GlobalSection(ProjectConfigurationPlatforms) = postSolution
		{DF79B1EB-3A60-4065-8118-4AC67219F991}.Debug|Any CPU.ActiveCfg = Debug|Any CPU
		{DF79B1EB-3A60-4065-8118-4AC67219F991}.Debug|Any CPU.Build.0 = Debug|Any CPU
		{DF79B1EB-3A60-4065-8118-4AC67219F991}.Release|Any CPU.ActiveCfg = Release|Any CPU
		{DF79B1EB-3A60-4065-8118-4AC67219F991}.Release|Any CPU.Build.0 = Release|Any CPU
	EndGlobalSection
	GlobalSection(SolutionProperties) = preSolution
		HideSolutionNode = FALSE
	EndGlobalSection
	GlobalSection(ExtensibilityGlobals) = postSolution
		SolutionGuid = {1D326FF2-BCF0-4AAC-A7F1-9BC90E269C36}
	EndGlobalSection
EndGlobal
